
Microsoft Visual Studio Solution File, Format Version 12.00
# Visual Studio Version 17
VisualStudioVersion = 17.11.35327.3
MinimumVisualStudioVersion = 10.0.40219.1
Project("{9A19103F-16F7-4668-BE54-9A1E7A4F7556}") = "TopTalk", "TopTalk.csproj", "{4F7B5694-B1A2-4A42-89BF-A3772D39CF5A}"
EndProject
Project("{9A19103F-16F7-4668-BE54-9A1E7A4F7556}") = "TopNetwork", "NetworkCore\TopNetwork.csproj", "{470F2E35-2031-486E-85A8-704B71E65C17}"
EndProject
Project("{9A19103F-16F7-4668-BE54-9A1E7A4F7556}") = "TopTalk.Core", "TopTalk.Core\TopTalk.Core.csproj", "{F057FC2F-3B8F-4E5C-8E32-FFF0FE48D0A7}"
EndProject
Global
	GlobalSection(SolutionConfigurationPlatforms) = preSolution
		Debug|Any CPU = Debug|Any CPU
		Release|Any CPU = Release|Any CPU
	EndGlobalSection
	GlobalSection(ProjectConfigurationPlatforms) = postSolution
		{4F7B5694-B1A2-4A42-89BF-A3772D39CF5A}.Debug|Any CPU.ActiveCfg = Debug|Any CPU
		{4F7B5694-B1A2-4A42-89BF-A3772D39CF5A}.Debug|Any CPU.Build.0 = Debug|Any CPU
		{4F7B5694-B1A2-4A42-89BF-A3772D39CF5A}.Release|Any CPU.ActiveCfg = Release|Any CPU
		{4F7B5694-B1A2-4A42-89BF-A3772D39CF5A}.Release|Any CPU.Build.0 = Release|Any CPU
		{470F2E35-2031-486E-85A8-704B71E65C17}.Debug|Any CPU.ActiveCfg = Debug|Any CPU
		{470F2E35-2031-486E-85A8-704B71E65C17}.Debug|Any CPU.Build.0 = Debug|Any CPU
		{470F2E35-2031-486E-85A8-704B71E65C17}.Release|Any CPU.ActiveCfg = Release|Any CPU
		{470F2E35-2031-486E-85A8-704B71E65C17}.Release|Any CPU.Build.0 = Release|Any CPU
		{F057FC2F-3B8F-4E5C-8E32-FFF0FE48D0A7}.Debug|Any CPU.ActiveCfg = Debug|Any CPU
		{F057FC2F-3B8F-4E5C-8E32-FFF0FE48D0A7}.Debug|Any CPU.Build.0 = Debug|Any CPU
		{F057FC2F-3B8F-4E5C-8E32-FFF0FE48D0A7}.Release|Any CPU.ActiveCfg = Release|Any CPU
		{F057FC2F-3B8F-4E5C-8E32-FFF0FE48D0A7}.Release|Any CPU.Build.0 = Release|Any CPU
	EndGlobalSection
	GlobalSection(SolutionProperties) = preSolution
		HideSolutionNode = FALSE
	EndGlobalSection
	GlobalSection(ExtensibilityGlobals) = postSolution
		SolutionGuid = {33CBD6E3-804F-4130-AB2A-896AD63FC5A8}
	EndGlobalSection
EndGlobal
